
Microsoft Visual Studio Solution File, Format Version 12.00
# Visual Studio Version 16
VisualStudioVersion = 16.0.30204.135
MinimumVisualStudioVersion = 10.0.40219.1
Project("{FAE04EC0-301F-11D3-BF4B-00C04F79EFBC}") = "ExemploLojinha", "ExemploLojinha.csproj", "{AF801C83-6FFD-4FE4-9B8C-36E6933F12FF}"
EndProject
Global
	GlobalSection(SolutionConfigurationPlatforms) = preSolution
		Debug|Any CPU = Debug|Any CPU
		Release|Any CPU = Release|Any CPU
	EndGlobalSection
	GlobalSection(ProjectConfigurationPlatforms) = postSolution
		{AF801C83-6FFD-4FE4-9B8C-36E6933F12FF}.Debug|Any CPU.ActiveCfg = Debug|Any CPU
		{AF801C83-6FFD-4FE4-9B8C-36E6933F12FF}.Debug|Any CPU.Build.0 = Debug|Any CPU
		{AF801C83-6FFD-4FE4-9B8C-36E6933F12FF}.Release|Any CPU.ActiveCfg = Release|Any CPU
		{AF801C83-6FFD-4FE4-9B8C-36E6933F12FF}.Release|Any CPU.Build.0 = Release|Any CPU
	EndGlobalSection
	GlobalSection(SolutionProperties) = preSolution
		HideSolutionNode = FALSE
	EndGlobalSection
	GlobalSection(ExtensibilityGlobals) = postSolution
		SolutionGuid = {48BCF0F6-CA8C-48CB-A23F-0EF17BC0A0BF}
	EndGlobalSection
EndGlobal
